
Microsoft Visual Studio Solution File, Format Version 12.00
# Visual Studio Version 17
VisualStudioVersion = 17.8.34511.84
MinimumVisualStudioVersion = 10.0.40219.1
Project("{FAE04EC0-301F-11D3-BF4B-00C04F79EFBC}") = "outPut5", "outPut5\outPut5.csproj", "{0DF32661-A265-4B59-97D1-5264AB0C42FA}"
EndProject
Global
	GlobalSection(SolutionConfigurationPlatforms) = preSolution
		Debug|Any CPU = Debug|Any CPU
		Release|Any CPU = Release|Any CPU
	EndGlobalSection
	GlobalSection(ProjectConfigurationPlatforms) = postSolution
		{0DF32661-A265-4B59-97D1-5264AB0C42FA}.Debug|Any CPU.ActiveCfg = Debug|Any CPU
		{0DF32661-A265-4B59-97D1-5264AB0C42FA}.Debug|Any CPU.Build.0 = Debug|Any CPU
		{0DF32661-A265-4B59-97D1-5264AB0C42FA}.Release|Any CPU.ActiveCfg = Release|Any CPU
		{0DF32661-A265-4B59-97D1-5264AB0C42FA}.Release|Any CPU.Build.0 = Release|Any CPU
	EndGlobalSection
	GlobalSection(SolutionProperties) = preSolution
		HideSolutionNode = FALSE
	EndGlobalSection
	GlobalSection(ExtensibilityGlobals) = postSolution
		SolutionGuid = {9974C94C-D8A1-439D-A79C-6B9820A09027}
	EndGlobalSection
EndGlobal
