
Microsoft Visual Studio Solution File, Format Version 12.00
# Visual Studio Version 17
VisualStudioVersion = 17.8.34511.84
MinimumVisualStudioVersion = 10.0.40219.1
Project("{FAE04EC0-301F-11D3-BF4B-00C04F79EFBC}") = "outPut8", "outPut8\outPut8.csproj", "{C307165D-C93C-4EBC-99DF-52895D0890E2}"
EndProject
Global
	GlobalSection(SolutionConfigurationPlatforms) = preSolution
		Debug|Any CPU = Debug|Any CPU
		Release|Any CPU = Release|Any CPU
	EndGlobalSection
	GlobalSection(ProjectConfigurationPlatforms) = postSolution
		{C307165D-C93C-4EBC-99DF-52895D0890E2}.Debug|Any CPU.ActiveCfg = Debug|Any CPU
		{C307165D-C93C-4EBC-99DF-52895D0890E2}.Debug|Any CPU.Build.0 = Debug|Any CPU
		{C307165D-C93C-4EBC-99DF-52895D0890E2}.Release|Any CPU.ActiveCfg = Release|Any CPU
		{C307165D-C93C-4EBC-99DF-52895D0890E2}.Release|Any CPU.Build.0 = Release|Any CPU
	EndGlobalSection
	GlobalSection(SolutionProperties) = preSolution
		HideSolutionNode = FALSE
	EndGlobalSection
	GlobalSection(ExtensibilityGlobals) = postSolution
		SolutionGuid = {5F0E9661-60B6-4013-B434-2CEB56ACA566}
	EndGlobalSection
EndGlobal
